
Microsoft Visual Studio Solution File, Format Version 12.00
# Visual Studio Version 17
VisualStudioVersion = 17.4.33110.190
MinimumVisualStudioVersion = 10.0.40219.1
Project("{FAE04EC0-301F-11D3-BF4B-00C04F79EFBC}") = "anayemek", "anayemek\anayemek.csproj", "{3E7F818D-E1EB-45C4-9C6C-1A885F3D6DF5}"
EndProject
Global
	GlobalSection(SolutionConfigurationPlatforms) = preSolution
		Debug|Any CPU = Debug|Any CPU
		Release|Any CPU = Release|Any CPU
	EndGlobalSection
	GlobalSection(ProjectConfigurationPlatforms) = postSolution
		{3E7F818D-E1EB-45C4-9C6C-1A885F3D6DF5}.Debug|Any CPU.ActiveCfg = Debug|Any CPU
		{3E7F818D-E1EB-45C4-9C6C-1A885F3D6DF5}.Debug|Any CPU.Build.0 = Debug|Any CPU
		{3E7F818D-E1EB-45C4-9C6C-1A885F3D6DF5}.Release|Any CPU.ActiveCfg = Release|Any CPU
		{3E7F818D-E1EB-45C4-9C6C-1A885F3D6DF5}.Release|Any CPU.Build.0 = Release|Any CPU
	EndGlobalSection
	GlobalSection(SolutionProperties) = preSolution
		HideSolutionNode = FALSE
	EndGlobalSection
	GlobalSection(ExtensibilityGlobals) = postSolution
		SolutionGuid = {0B677E0C-F052-447D-9961-65FC71869E6E}
	EndGlobalSection
EndGlobal
